
Microsoft Visual Studio Solution File, Format Version 12.00
# Visual Studio Version 17
VisualStudioVersion = 17.5.33414.496
MinimumVisualStudioVersion = 10.0.40219.1
Project("{9A19103F-16F7-4668-BE54-9A1E7A4F7556}") = "PlacementManagementCell", "Placement Management Cell\PlacementManagementCell.csproj", "{4FF8AD90-9B56-432A-82B5-F4E9C9164A0F}"
EndProject
Project("{FAE04EC0-301F-11D3-BF4B-00C04F79EFBC}") = "PlacementManagementCell.DataAccess", "PlacementManagementCell.DataAccess\PlacementManagementCell.DataAccess.csproj", "{328A6372-D4DB-4810-A1B7-853BAAE522F6}"
EndProject
Project("{FAE04EC0-301F-11D3-BF4B-00C04F79EFBC}") = "PlacementManagementCell.Models", "PlacementManagementCell.Models\PlacementManagementCell.Models.csproj", "{FC94F858-00F5-4CF2-82C1-D74BF745F2DE}"
EndProject
Global
	GlobalSection(SolutionConfigurationPlatforms) = preSolution
		Debug|Any CPU = Debug|Any CPU
		Release|Any CPU = Release|Any CPU
	EndGlobalSection
	GlobalSection(ProjectConfigurationPlatforms) = postSolution
		{4FF8AD90-9B56-432A-82B5-F4E9C9164A0F}.Debug|Any CPU.ActiveCfg = Debug|Any CPU
		{4FF8AD90-9B56-432A-82B5-F4E9C9164A0F}.Debug|Any CPU.Build.0 = Debug|Any CPU
		{4FF8AD90-9B56-432A-82B5-F4E9C9164A0F}.Release|Any CPU.ActiveCfg = Release|Any CPU
		{4FF8AD90-9B56-432A-82B5-F4E9C9164A0F}.Release|Any CPU.Build.0 = Release|Any CPU
		{328A6372-D4DB-4810-A1B7-853BAAE522F6}.Debug|Any CPU.ActiveCfg = Debug|Any CPU
		{328A6372-D4DB-4810-A1B7-853BAAE522F6}.Debug|Any CPU.Build.0 = Debug|Any CPU
		{328A6372-D4DB-4810-A1B7-853BAAE522F6}.Release|Any CPU.ActiveCfg = Release|Any CPU
		{328A6372-D4DB-4810-A1B7-853BAAE522F6}.Release|Any CPU.Build.0 = Release|Any CPU
		{FC94F858-00F5-4CF2-82C1-D74BF745F2DE}.Debug|Any CPU.ActiveCfg = Debug|Any CPU
		{FC94F858-00F5-4CF2-82C1-D74BF745F2DE}.Debug|Any CPU.Build.0 = Debug|Any CPU
		{FC94F858-00F5-4CF2-82C1-D74BF745F2DE}.Release|Any CPU.ActiveCfg = Release|Any CPU
		{FC94F858-00F5-4CF2-82C1-D74BF745F2DE}.Release|Any CPU.Build.0 = Release|Any CPU
	EndGlobalSection
	GlobalSection(SolutionProperties) = preSolution
		HideSolutionNode = FALSE
	EndGlobalSection
	GlobalSection(ExtensibilityGlobals) = postSolution
		SolutionGuid = {34E5EE3D-55CD-4A05-95D1-7B29803C3EC7}
	EndGlobalSection
EndGlobal
